{
  "name": "bunny-database-shell",
  "version": "0.0.1",
  "lockfileVersion": 3,
  "requires": true,
  "packages": {
    "": {
      "name": "bunny-database-shell",
      "version": "0.0.1",
      "hasInstallScript": true,
      "license": "MIT",
      "bin": {
        "bunny-database-shell": "bin/cli.js"
      }
    }
  }
}
